
Microsoft Visual Studio Solution File, Format Version 12.00
# Visual Studio 15
VisualStudioVersion = 15.0.28307.489
MinimumVisualStudioVersion = 10.0.40219.1
Project("{FAE04EC0-301F-11D3-BF4B-00C04F79EFBC}") = "Mod2_app4", "Mod2_app4\Mod2_app4.csproj", "{9D14F051-BA12-4329-A07C-E707601BF74D}"
EndProject
Global
	GlobalSection(SolutionConfigurationPlatforms) = preSolution
		Debug|Any CPU = Debug|Any CPU
		Release|Any CPU = Release|Any CPU
	EndGlobalSection
	GlobalSection(ProjectConfigurationPlatforms) = postSolution
		{9D14F051-BA12-4329-A07C-E707601BF74D}.Debug|Any CPU.ActiveCfg = Debug|Any CPU
		{9D14F051-BA12-4329-A07C-E707601BF74D}.Debug|Any CPU.Build.0 = Debug|Any CPU
		{9D14F051-BA12-4329-A07C-E707601BF74D}.Release|Any CPU.ActiveCfg = Release|Any CPU
		{9D14F051-BA12-4329-A07C-E707601BF74D}.Release|Any CPU.Build.0 = Release|Any CPU
	EndGlobalSection
	GlobalSection(SolutionProperties) = preSolution
		HideSolutionNode = FALSE
	EndGlobalSection
	GlobalSection(ExtensibilityGlobals) = postSolution
		SolutionGuid = {6AC22C93-1588-4AFD-9C33-EC1D8373E762}
	EndGlobalSection
EndGlobal
