
Microsoft Visual Studio Solution File, Format Version 12.00
# Visual Studio 15
VisualStudioVersion = 15.0.28307.489
MinimumVisualStudioVersion = 10.0.40219.1
Project("{FAE04EC0-301F-11D3-BF4B-00C04F79EFBC}") = "Delegates1", "ConsoleApp4\Delegates1.csproj", "{B7D36F02-AF50-4A97-B44D-1D20AF8D1AF0}"
EndProject
Global
	GlobalSection(SolutionConfigurationPlatforms) = preSolution
		Debug|Any CPU = Debug|Any CPU
		Release|Any CPU = Release|Any CPU
	EndGlobalSection
	GlobalSection(ProjectConfigurationPlatforms) = postSolution
		{B7D36F02-AF50-4A97-B44D-1D20AF8D1AF0}.Debug|Any CPU.ActiveCfg = Debug|Any CPU
		{B7D36F02-AF50-4A97-B44D-1D20AF8D1AF0}.Debug|Any CPU.Build.0 = Debug|Any CPU
		{B7D36F02-AF50-4A97-B44D-1D20AF8D1AF0}.Release|Any CPU.ActiveCfg = Release|Any CPU
		{B7D36F02-AF50-4A97-B44D-1D20AF8D1AF0}.Release|Any CPU.Build.0 = Release|Any CPU
	EndGlobalSection
	GlobalSection(SolutionProperties) = preSolution
		HideSolutionNode = FALSE
	EndGlobalSection
	GlobalSection(ExtensibilityGlobals) = postSolution
		SolutionGuid = {E9D84643-DF93-48BE-9293-9D8652022A09}
	EndGlobalSection
EndGlobal
